// !$*UTF8*$!
{
	archiveVersion = 1;
	classes = {
	};
	objectVersion = 56;
	objects = {

/* Begin PBXBuildFile section */
		1EF7FFCC2A3DF7FC00EA792D /* BarcodeScannerApp.swift in Sources */ = {isa = PBXBuildFile; fileRef = 1EF7FFCB2A3DF7FC00EA792D /* BarcodeScannerApp.swift */; };
		1EF7FFCE2A3DF7FC00EA792D /* ContentView.swift in Sources */ = {isa = PBXBuildFile; fileRef = 1EF7FFCD2A3DF7FC00EA792D /* ContentView.swift */; };
		1EF7FFD02A3DF7FD00EA792D /* Assets.xcassets in Resources */ = {isa = PBXBuildFile; fileRef = 1EF7FFCF2A3DF7FD00EA792D /* Assets.xcassets */; };
		1EF7FFD32A3DF7FD00EA792D /* Preview Assets.xcassets in Resources */ = {isa = PBXBuildFile; fileRef = 1EF7FFD22A3DF7FD00EA792D /* Preview Assets.xcassets */; };
		1EF7FFDD2A3DF7FD00EA792D /* BarcodeScannerTests.swift in Sources */ = {isa = PBXBuildFile; fileRef = 1EF7FFDC2A3DF7FD00EA792D /* BarcodeScannerTests.swift */; };
		1EF7FFE72A3DF7FD00EA792D /* BarcodeScannerUITests.swift in Sources */ = {isa = PBXBuildFile; fileRef = 1EF7FFE62A3DF7FD00EA792D /* BarcodeScannerUITests.swift */; };
		1EF7FFE92A3DF7FD00EA792D /* BarcodeScannerUITestsLaunchTests.swift in Sources */ = {isa = PBXBuildFile; fileRef = 1EF7FFE82A3DF7FD00EA792D /* BarcodeScannerUITestsLaunchTests.swift */; };
		1EF7FFF62A3DF93000EA792D /* AppViewModel.swift in Sources */ = {isa = PBXBuildFile; fileRef = 1EF7FFF52A3DF93000EA792D /* AppViewModel.swift */; };
		1EF7FFF82A3E026800EA792D /* DataScannerView.swift in Sources */ = {isa = PBXBuildFile; fileRef = 1EF7FFF72A3E026800EA792D /* DataScannerView.swift */; };
/* End PBXBuildFile section */

/* Begin PBXContainerItemProxy section */
		1EF7FFD92A3DF7FD00EA792D /* PBXContainerItemProxy */ = {
			isa = PBXContainerItemProxy;
			containerPortal = 1EF7FFC02A3DF7FC00EA792D /* Project object */;
			proxyType = 1;
			remoteGlobalIDString = 1EF7FFC72A3DF7FC00EA792D;
			remoteInfo = BarcodeScanner;
		};
		1EF7FFE32A3DF7FD00EA792D /* PBXContainerItemProxy */ = {
			isa = PBXContainerItemProxy;
			containerPortal = 1EF7FFC02A3DF7FC00EA792D /* Project object */;
			proxyType = 1;
			remoteGlobalIDString = 1EF7FFC72A3DF7FC00EA792D;
			remoteInfo = BarcodeScanner;
		};
/* End PBXContainerItemProxy section */

/* Begin PBXFileReference section */
		1EF7FFC82A3DF7FC00EA792D /* BarcodeScanner.app */ = {isa = PBXFileReference; explicitFileType = wrapper.application; includeInIndex = 0; path = BarcodeScanner.app; sourceTree = BUILT_PRODUCTS_DIR; };
		1EF7FFCB2A3DF7FC00EA792D /* BarcodeScannerApp.swift */ = {isa = PBXFileReference; lastKnownFileType = sourcecode.swift; path = BarcodeScannerApp.swift; sourceTree = "<group>"; };
		1EF7FFCD2A3DF7FC00EA792D /* ContentView.swift */ = {isa = PBXFileReference; lastKnownFileType = sourcecode.swift; path = ContentView.swift; sourceTree = "<group>"; };
		1EF7FFCF2A3DF7FD00EA792D /* Assets.xcassets */ = {isa = PBXFileReference; lastKnownFileType = folder.assetcatalog; path = Assets.xcassets; sourceTree = "<group>"; };
		1EF7FFD22A3DF7FD00EA792D /* Preview Assets.xcassets */ = {isa = PBXFileReference; lastKnownFileType = folder.assetcatalog; path = "Preview Assets.xcassets"; sourceTree = "<group>"; };
		1EF7FFD82A3DF7FD00EA792D /* BarcodeScannerTests.xctest */ = {isa = PBXFileReference; explicitFileType = wrapper.cfbundle; includeInIndex = 0; path = BarcodeScannerTests.xctest; sourceTree = BUILT_PRODUCTS_DIR; };
		1EF7FFDC2A3DF7FD00EA792D /* BarcodeScannerTests.swift */ = {isa = PBXFileReference; lastKnownFileType = sourcecode.swift; path = BarcodeScannerTests.swift; sourceTree = "<group>"; };
		1EF7FFE22A3DF7FD00EA792D /* BarcodeScannerUITests.xctest */ = {isa = PBXFileReference; explicitFileType = wrapper.cfbundle; includeInIndex = 0; path = BarcodeScannerUITests.xctest; sourceTree = BUILT_PRODUCTS_DIR; };
		1EF7FFE62A3DF7FD00EA792D /* BarcodeScannerUITests.swift */ = {isa = PBXFileReference; lastKnownFileType = sourcecode.swift; path = BarcodeScannerUITests.swift; sourceTree = "<group>"; };
		1EF7FFE82A3DF7FD00EA792D /* BarcodeScannerUITestsLaunchTests.swift */ = {isa = PBXFileReference; lastKnownFileType = sourcecode.swift; path = BarcodeScannerUITestsLaunchTests.swift; sourceTree = "<group>"; };
		1EF7FFF52A3DF93000EA792D /* AppViewModel.swift */ = {isa = PBXFileReference; lastKnownFileType = sourcecode.swift; path = AppViewModel.swift; sourceTree = "<group>"; };
		1EF7FFF72A3E026800EA792D /* DataScannerView.swift */ = {isa = PBXFileReference; lastKnownFileType = sourcecode.swift; path = DataScannerView.swift; sourceTree = "<group>"; };
/* End PBXFileReference section */

/* Begin PBXFrameworksBuildPhase section */
		1EF7FFC52A3DF7FC00EA792D /* Frameworks */ = {
			isa = PBXFrameworksBuildPhase;
			buildActionMask = 2147483647;
			files = (
			);
			runOnlyForDeploymentPostprocessing = 0;
		};
		1EF7FFD52A3DF7FD00EA792D /* Frameworks */ = {
			isa = PBXFrameworksBuildPhase;
			buildActionMask = 2147483647;
			files = (
			);
			runOnlyForDeploymentPostprocessing = 0;
		};
		1EF7FFDF2A3DF7FD00EA792D /* Frameworks */ = {
			isa = PBXFrameworksBuildPhase;
			buildActionMask = 2147483647;
			files = (
			);
			runOnlyForDeploymentPostprocessing = 0;
		};
/* End PBXFrameworksBuildPhase section */

/* Begin PBXGroup section */
		1EF7FFBF2A3DF7FC00EA792D = {
			isa = PBXGroup;
			children = (
				1EF7FFCA2A3DF7FC00EA792D /* BarcodeScanner */,
				1EF7FFDB2A3DF7FD00EA792D /* BarcodeScannerTests */,
				1EF7FFE52A3DF7FD00EA792D /* BarcodeScannerUITests */,
				1EF7FFC92A3DF7FC00EA792D /* Products */,
			);
			sourceTree = "<group>";
		};
		1EF7FFC92A3DF7FC00EA792D /* Products */ = {
			isa = PBXGroup;
			children = (
				1EF7FFC82A3DF7FC00EA792D /* BarcodeScanner.app */,
				1EF7FFD82A3DF7FD00EA792D /* BarcodeScannerTests.xctest */,
				1EF7FFE22A3DF7FD00EA792D /* BarcodeScannerUITests.xctest */,
			);
			name = Products;
			sourceTree = "<group>";
		};
		1EF7FFCA2A3DF7FC00EA792D /* BarcodeScanner */ = {
			isa = PBXGroup;
			children = (
				1EF7FFCB2A3DF7FC00EA792D /* BarcodeScannerApp.swift */,
				1EF7FFCD2A3DF7FC00EA792D /* ContentView.swift */,
				1EF7FFCF2A3DF7FD00EA792D /* Assets.xcassets */,
				1EF7FFD12A3DF7FD00EA792D /* Preview Content */,
				1EF7FFF52A3DF93000EA792D /* AppViewModel.swift */,
				1EF7FFF72A3E026800EA792D /* DataScannerView.swift */,
			);
			path = BarcodeScanner;
			sourceTree = "<group>";
		};
		1EF7FFD12A3DF7FD00EA792D /* Preview Content */ = {
			isa = PBXGroup;
			children = (
				1EF7FFD22A3DF7FD00EA792D /* Preview Assets.xcassets */,
			);
			path = "Preview Content";
			sourceTree = "<group>";
		};
		1EF7FFDB2A3DF7FD00EA792D /* BarcodeScannerTests */ = {
			isa = PBXGroup;
			children = (
				1EF7FFDC2A3DF7FD00EA792D /* BarcodeScannerTests.swift */,
			);
			path = BarcodeScannerTests;
			sourceTree = "<group>";
		};
		1EF7FFE52A3DF7FD00EA792D /* BarcodeScannerUITests */ = {
			isa = PBXGroup;
			children = (
				1EF7FFE62A3DF7FD00EA792D /* BarcodeScannerUITests.swift */,
				1EF7FFE82A3DF7FD00EA792D /* BarcodeScannerUITestsLaunchTests.swift */,
			);
			path = BarcodeScannerUITests;
			sourceTree = "<group>";
		};
/* End PBXGroup section */

/* Begin PBXNativeTarget section */
		1EF7FFC72A3DF7FC00EA792D /* BarcodeScanner */ = {
			isa = PBXNativeTarget;
			buildConfigurationList = 1EF7FFEC2A3DF7FD00EA792D /* Build configuration list for PBXNativeTarget "BarcodeScanner" */;
			buildPhases = (
				1EF7FFC42A3DF7FC00EA792D /* Sources */,
				1EF7FFC52A3DF7FC00EA792D /* Frameworks */,
				1EF7FFC62A3DF7FC00EA792D /* Resources */,
			);
			buildRules = (
			);
			dependencies = (
			);
			name = BarcodeScanner;
			productName = BarcodeScanner;
			productReference = 1EF7FFC82A3DF7FC00EA792D /* BarcodeScanner.app */;
			productType = "com.apple.product-type.application";
		};
		1EF7FFD72A3DF7FD00EA792D /* BarcodeScannerTests */ = {
			isa = PBXNativeTarget;
			buildConfigurationList = 1EF7FFEF2A3DF7FD00EA792D /* Build configuration list for PBXNativeTarget "BarcodeScannerTests" */;
			buildPhases = (
				1EF7FFD42A3DF7FD00EA792D /* Sources */,
				1EF7FFD52A3DF7FD00EA792D /* Frameworks */,
				1EF7FFD62A3DF7FD00EA792D /* Resources */,
			);
			buildRules = (
			);
			dependencies = (
				1EF7FFDA2A3DF7FD00EA792D /* PBXTargetDependency */,
			);
			name = BarcodeScannerTests;
			productName = BarcodeScannerTests;
			productReference = 1EF7FFD82A3DF7FD00EA792D /* BarcodeScannerTests.xctest */;
			productType = "com.apple.product-type.bundle.unit-test";
		};
		1EF7FFE12A3DF7FD00EA792D /* BarcodeScannerUITests */ = {
			isa = PBXNativeTarget;
			buildConfigurationList = 1EF7FFF22A3DF7FD00EA792D /* Build configuration list for PBXNativeTarget "BarcodeScannerUITests" */;
			buildPhases = (
				1EF7FFDE2A3DF7FD00EA792D /* Sources */,
				1EF7FFDF2A3DF7FD00EA792D /* Frameworks */,
				1EF7FFE02A3DF7FD00EA792D /* Resources */,
			);
			buildRules = (
			);
			dependencies = (
				1EF7FFE42A3DF7FD00EA792D /* PBXTargetDependency */,
			);
			name = BarcodeScannerUITests;
			productName = BarcodeScannerUITests;
			productReference = 1EF7FFE22A3DF7FD00EA792D /* BarcodeScannerUITests.xctest */;
			productType = "com.apple.product-type.bundle.ui-testing";
		};
/* End PBXNativeTarget section */

/* Begin PBXProject section */
		1EF7FFC02A3DF7FC00EA792D /* Project object */ = {
			isa = PBXProject;
			attributes = {
				BuildIndependentTargetsInParallel = 1;
				LastSwiftUpdateCheck = 1430;
				LastUpgradeCheck = 1430;
				TargetAttributes = {
					1EF7FFC72A3DF7FC00EA792D = {
						CreatedOnToolsVersion = 14.3.1;
					};
					1EF7FFD72A3DF7FD00EA792D = {
						CreatedOnToolsVersion = 14.3.1;
						TestTargetID = 1EF7FFC72A3DF7FC00EA792D;
					};
					1EF7FFE12A3DF7FD00EA792D = {
						CreatedOnToolsVersion = 14.3.1;
						TestTargetID = 1EF7FFC72A3DF7FC00EA792D;
					};
				};
			};
			buildConfigurationList = 1EF7FFC32A3DF7FC00EA792D /* Build configuration list for PBXProject "BarcodeScanner" */;
			compatibilityVersion = "Xcode 14.0";
			developmentRegion = en;
			hasScannedForEncodings = 0;
			knownRegions = (
				en,
				Base,
			);
			mainGroup = 1EF7FFBF2A3DF7FC00EA792D;
			productRefGroup = 1EF7FFC92A3DF7FC00EA792D /* Products */;
			projectDirPath = "";
			projectRoot = "";
			targets = (
				1EF7FFC72A3DF7FC00EA792D /* BarcodeScanner */,
				1EF7FFD72A3DF7FD00EA792D /* BarcodeScannerTests */,
				1EF7FFE12A3DF7FD00EA792D /* BarcodeScannerUITests */,
			);
		};
/* End PBXProject section */

/* Begin PBXResourcesBuildPhase section */
		1EF7FFC62A3DF7FC00EA792D /* Resources */ = {
			isa = PBXResourcesBuildPhase;
			buildActionMask = 2147483647;
			files = (
				1EF7FFD32A3DF7FD00EA792D /* Preview Assets.xcassets in Resources */,
				1EF7FFD02A3DF7FD00EA792D /* Assets.xcassets in Resources */,
			);
			runOnlyForDeploymentPostprocessing = 0;
		};
		1EF7FFD62A3DF7FD00EA792D /* Resources */ = {
			isa = PBXResourcesBuildPhase;
			buildActionMask = 2147483647;
			files = (
			);
			runOnlyForDeploymentPostprocessing = 0;
		};
		1EF7FFE02A3DF7FD00EA792D /* Resources */ = {
			isa = PBXResourcesBuildPhase;
			buildActionMask = 2147483647;
			files = (
			);
			runOnlyForDeploymentPostprocessing = 0;
		};
/* End PBXResourcesBuildPhase section */

/* Begin PBXSourcesBuildPhase section */
		1EF7FFC42A3DF7FC00EA792D /* Sources */ = {
			isa = PBXSourcesBuildPhase;
			buildActionMask = 2147483647;
			files = (
				1EF7FFCE2A3DF7FC00EA792D /* ContentView.swift in Sources */,
				1EF7FFCC2A3DF7FC00EA792D /* BarcodeScannerApp.swift in Sources */,
				1EF7FFF62A3DF93000EA792D /* AppViewModel.swift in Sources */,
				1EF7FFF82A3E026800EA792D /* DataScannerView.swift in Sources */,
			);
			runOnlyForDeploymentPostprocessing = 0;
		};
		1EF7FFD42A3DF7FD00EA792D /* Sources */ = {
			isa = PBXSourcesBuildPhase;
			buildActionMask = 2147483647;
			files = (
				1EF7FFDD2A3DF7FD00EA792D /* BarcodeScannerTests.swift in Sources */,
			);
			runOnlyForDeploymentPostprocessing = 0;
		};
		1EF7FFDE2A3DF7FD00EA792D /* Sources */ = {
			isa = PBXSourcesBuildPhase;
			buildActionMask = 2147483647;
			files = (
				1EF7FFE92A3DF7FD00EA792D /* BarcodeScannerUITestsLaunchTests.swift in Sources */,
				1EF7FFE72A3DF7FD00EA792D /* BarcodeScannerUITests.swift in Sources */,
			);
			runOnlyForDeploymentPostprocessing = 0;
		};
/* End PBXSourcesBuildPhase section */

/* Begin PBXTargetDependency section */
		1EF7FFDA2A3DF7FD00EA792D /* PBXTargetDependency */ = {
			isa = PBXTargetDependency;
			target = 1EF7FFC72A3DF7FC00EA792D /* BarcodeScanner */;
			targetProxy = 1EF7FFD92A3DF7FD00EA792D /* PBXContainerItemProxy */;
		};
		1EF7FFE42A3DF7FD00EA792D /* PBXTargetDependency */ = {
			isa = PBXTargetDependency;
			target = 1EF7FFC72A3DF7FC00EA792D /* BarcodeScanner */;
			targetProxy = 1EF7FFE32A3DF7FD00EA792D /* PBXContainerItemProxy */;
		};
/* End PBXTargetDependency section */

/* Begin XCBuildConfiguration section */
		1EF7FFEA2A3DF7FD00EA792D /* Debug */ = {
			isa = XCBuildConfiguration;
			buildSettings = {
				ALWAYS_SEARCH_USER_PATHS = NO;
				CLANG_ANALYZER_NONNULL = YES;
				CLANG_ANALYZER_NUMBER_OBJECT_CONVERSION = YES_AGGRESSIVE;
				CLANG_CXX_LANGUAGE_STANDARD = "gnu++20";
				CLANG_ENABLE_MODULES = YES;
				CLANG_ENABLE_OBJC_ARC = YES;
				CLANG_ENABLE_OBJC_WEAK = YES;
				CLANG_WARN_BLOCK_CAPTURE_AUTORELEASING = YES;
				CLANG_WARN_BOOL_CONVERSION = YES;
				CLANG_WARN_COMMA = YES;
				CLANG_WARN_CONSTANT_CONVERSION = YES;
				CLANG_WARN_DEPRECATED_OBJC_IMPLEMENTATIONS = YES;
				CLANG_WARN_DIRECT_OBJC_ISA_USAGE = YES_ERROR;
				CLANG_WARN_DOCUMENTATION_COMMENTS = YES;
				CLANG_WARN_EMPTY_BODY = YES;
				CLANG_WARN_ENUM_CONVERSION = YES;
				CLANG_WARN_INFINITE_RECURSION = YES;
				CLANG_WARN_INT_CONVERSION = YES;
				CLANG_WARN_NON_LITERAL_NULL_CONVERSION = YES;
				CLANG_WARN_OBJC_IMPLICIT_RETAIN_SELF = YES;
				CLANG_WARN_OBJC_LITERAL_CONVERSION = YES;
				CLANG_WARN_OBJC_ROOT_CLASS = YES_ERROR;
				CLANG_WARN_QUOTED_INCLUDE_IN_FRAMEWORK_HEADER = YES;
				CLANG_WARN_RANGE_LOOP_ANALYSIS = YES;
				CLANG_WARN_STRICT_PROTOTYPES = YES;
				CLANG_WARN_SUSPICIOUS_MOVE = YES;
				CLANG_WARN_UNGUARDED_AVAILABILITY = YES_AGGRESSIVE;
				CLANG_WARN_UNREACHABLE_CODE = YES;
				CLANG_WARN__DUPLICATE_METHOD_MATCH = YES;
				COPY_PHASE_STRIP = NO;
				DEBUG_INFORMATION_FORMAT = dwarf;
				ENABLE_STRICT_OBJC_MSGSEND = YES;
				ENABLE_TESTABILITY = YES;
				GCC_C_LANGUAGE_STANDARD = gnu11;
				GCC_DYNAMIC_NO_PIC = NO;
				GCC_NO_COMMON_BLOCKS = YES;
				GCC_OPTIMIZATION_LEVEL = 0;
				GCC_PREPROCESSOR_DEFINITIONS = (
					"DEBUG=1",
					"$(inherited)",
				);
				GCC_WARN_64_TO_32_BIT_CONVERSION = YES;
				GCC_WARN_ABOUT_RETURN_TYPE = YES_ERROR;
				GCC_WARN_UNDECLARED_SELECTOR = YES;
				GCC_WARN_UNINITIALIZED_AUTOS = YES_AGGRESSIVE;
				GCC_WARN_UNUSED_FUNCTION = YES;
				GCC_WARN_UNUSED_VARIABLE = YES;
				IPHONEOS_DEPLOYMENT_TARGET = 16.4;
				MTL_ENABLE_DEBUG_INFO = INCLUDE_SOURCE;
				MTL_FAST_MATH = YES;
				ONLY_ACTIVE_ARCH = YES;
				SDKROOT = iphoneos;
				SWIFT_ACTIVE_COMPILATION_CONDITIONS = DEBUG;
				SWIFT_OPTIMIZATION_LEVEL = "-Onone";
			};
			name = Debug;
		};
		1EF7FFEB2A3DF7FD00EA792D /* Release */ = {
			isa = XCBuildConfiguration;
			buildSettings = {
				ALWAYS_SEARCH_USER_PATHS = NO;
				CLANG_ANALYZER_NONNULL = YES;
				CLANG_ANALYZER_NUMBER_OBJECT_CONVERSION = YES_AGGRESSIVE;
				CLANG_CXX_LANGUAGE_STANDARD = "gnu++20";
				CLANG_ENABLE_MODULES = YES;
				CLANG_ENABLE_OBJC_ARC = YES;
				CLANG_ENABLE_OBJC_WEAK = YES;
				CLANG_WARN_BLOCK_CAPTURE_AUTORELEASING = YES;
				CLANG_WARN_BOOL_CONVERSION = YES;
				CLANG_WARN_COMMA = YES;
				CLANG_WARN_CONSTANT_CONVERSION = YES;
				CLANG_WARN_DEPRECATED_OBJC_IMPLEMENTATIONS = YES;
				CLANG_WARN_DIRECT_OBJC_ISA_USAGE = YES_ERROR;
				CLANG_WARN_DOCUMENTATION_COMMENTS = YES;
				CLANG_WARN_EMPTY_BODY = YES;
				CLANG_WARN_ENUM_CONVERSION = YES;
				CLANG_WARN_INFINITE_RECURSION = YES;
				CLANG_WARN_INT_CONVERSION = YES;
				CLANG_WARN_NON_LITERAL_NULL_CONVERSION = YES;
				CLANG_WARN_OBJC_IMPLICIT_RETAIN_SELF = YES;
				CLANG_WARN_OBJC_LITERAL_CONVERSION = YES;
				CLANG_WARN_OBJC_ROOT_CLASS = YES_ERROR;
				CLANG_WARN_QUOTED_INCLUDE_IN_FRAMEWORK_HEADER = YES;
				CLANG_WARN_RANGE_LOOP_ANALYSIS = YES;
				CLANG_WARN_STRICT_PROTOTYPES = YES;
				CLANG_WARN_SUSPICIOUS_MOVE = YES;
				CLANG_WARN_UNGUARDED_AVAILABILITY = YES_AGGRESSIVE;
				CLANG_WARN_UNREACHABLE_CODE = YES;
				CLANG_WARN__DUPLICATE_METHOD_MATCH = YES;
				COPY_PHASE_STRIP = NO;
				DEBUG_INFORMATION_FORMAT = "dwarf-with-dsym";
				ENABLE_NS_ASSERTIONS = NO;
				ENABLE_STRICT_OBJC_MSGSEND = YES;
				GCC_C_LANGUAGE_STANDARD = gnu11;
				GCC_NO_COMMON_BLOCKS = YES;
				GCC_WARN_64_TO_32_BIT_CONVERSION = YES;
				GCC_WARN_ABOUT_RETURN_TYPE = YES_ERROR;
				GCC_WARN_UNDECLARED_SELECTOR = YES;
				GCC_WARN_UNINITIALIZED_AUTOS = YES_AGGRESSIVE;
				GCC_WARN_UNUSED_FUNCTION = YES;
				GCC_WARN_UNUSED_VARIABLE = YES;
				IPHONEOS_DEPLOYMENT_TARGET = 16.4;
				MTL_ENABLE_DEBUG_INFO = NO;
				MTL_FAST_MATH = YES;
				SDKROOT = iphoneos;
				SWIFT_COMPILATION_MODE = wholemodule;
				SWIFT_OPTIMIZATION_LEVEL = "-O";
				VALIDATE_PRODUCT = YES;
			};
			name = Release;
		};
		1EF7FFED2A3DF7FD00EA792D /* Debug */ = {
			isa = XCBuildConfiguration;
			buildSettings = {
				ASSETCATALOG_COMPILER_APPICON_NAME = AppIcon;
				ASSETCATALOG_COMPILER_GLOBAL_ACCENT_COLOR_NAME = AccentColor;
				CODE_SIGN_STYLE = Automatic;
				CURRENT_PROJECT_VERSION = 1;
				DEVELOPMENT_ASSET_PATHS = "\"BarcodeScanner/Preview Content\"";
				DEVELOPMENT_TEAM = 3BNQYYVK2U;
				ENABLE_PREVIEWS = YES;
				GENERATE_INFOPLIST_FILE = YES;
				INFOPLIST_KEY_NSCameraUsageDescription = "The app needs camera access to scaner text and barcode !";
				INFOPLIST_KEY_UIApplicationSceneManifest_Generation = YES;
				INFOPLIST_KEY_UIApplicationSupportsIndirectInputEvents = YES;
				INFOPLIST_KEY_UILaunchScreen_Generation = YES;
				INFOPLIST_KEY_UISupportedInterfaceOrientations_iPad = "UIInterfaceOrientationPortrait UIInterfaceOrientationPortraitUpsideDown UIInterfaceOrientationLandscapeLeft UIInterfaceOrientationLandscapeRight";
				INFOPLIST_KEY_UISupportedInterfaceOrientations_iPhone = "UIInterfaceOrientationPortrait UIInterfaceOrientationLandscapeLeft UIInterfaceOrientationLandscapeRight";
				LD_RUNPATH_SEARCH_PATHS = (
					"$(inherited)",
					"@executable_path/Frameworks",
				);
				MARKETING_VERSION = 1.0;
				PRODUCT_BUNDLE_IDENTIFIER = Layers.SwiftUIProject;
				PRODUCT_NAME = "$(TARGET_NAME)";
				SWIFT_EMIT_LOC_STRINGS = YES;
				SWIFT_VERSION = 5.0;
				TARGETED_DEVICE_FAMILY = "1,2";
			};
			name = Debug;
		};
		1EF7FFEE2A3DF7FD00EA792D /* Release */ = {
			isa = XCBuildConfiguration;
			buildSettings = {
				ASSETCATALOG_COMPILER_APPICON_NAME = AppIcon;
				ASSETCATALOG_COMPILER_GLOBAL_ACCENT_COLOR_NAME = AccentColor;
				CODE_SIGN_STYLE = Automatic;
				CURRENT_PROJECT_VERSION = 1;
				DEVELOPMENT_ASSET_PATHS = "\"BarcodeScanner/Preview Content\"";
				DEVELOPMENT_TEAM = 3BNQYYVK2U;
				ENABLE_PREVIEWS = YES;
				GENERATE_INFOPLIST_FILE = YES;
				INFOPLIST_KEY_NSCameraUsageDescription = "The app needs camera access to scaner text and barcode !";
				INFOPLIST_KEY_UIApplicationSceneManifest_Generation = YES;
				INFOPLIST_KEY_UIApplicationSupportsIndirectInputEvents = YES;
				INFOPLIST_KEY_UILaunchScreen_Generation = YES;
				INFOPLIST_KEY_UISupportedInterfaceOrientations_iPad = "UIInterfaceOrientationPortrait UIInterfaceOrientationPortraitUpsideDown UIInterfaceOrientationLandscapeLeft UIInterfaceOrientationLandscapeRight";
				INFOPLIST_KEY_UISupportedInterfaceOrientations_iPhone = "UIInterfaceOrientationPortrait UIInterfaceOrientationLandscapeLeft UIInterfaceOrientationLandscapeRight";
				LD_RUNPATH_SEARCH_PATHS = (
					"$(inherited)",
					"@executable_path/Frameworks",
				);
				MARKETING_VERSION = 1.0;
				PRODUCT_BUNDLE_IDENTIFIER = Layers.SwiftUIProject;
				PRODUCT_NAME = "$(TARGET_NAME)";
				SWIFT_EMIT_LOC_STRINGS = YES;
				SWIFT_VERSION = 5.0;
				TARGETED_DEVICE_FAMILY = "1,2";
			};
			name = Release;
		};
		1EF7FFF02A3DF7FD00EA792D /* Debug */ = {
			isa = XCBuildConfiguration;
			buildSettings = {
				ALWAYS_EMBED_SWIFT_STANDARD_LIBRARIES = YES;
				BUNDLE_LOADER = "$(TEST_HOST)";
				CODE_SIGN_STYLE = Automatic;
				CURRENT_PROJECT_VERSION = 1;
				DEVELOPMENT_TEAM = 3BNQYYVK2U;
				GENERATE_INFOPLIST_FILE = YES;
				IPHONEOS_DEPLOYMENT_TARGET = 16.4;
				MARKETING_VERSION = 1.0;
				PRODUCT_BUNDLE_IDENTIFIER = BarcodeScanner.BarcodeScannerTests;
				PRODUCT_NAME = "$(TARGET_NAME)";
				SWIFT_EMIT_LOC_STRINGS = NO;
				SWIFT_VERSION = 5.0;
				TARGETED_DEVICE_FAMILY = "1,2";
				TEST_HOST = "$(BUILT_PRODUCTS_DIR)/BarcodeScanner.app/$(BUNDLE_EXECUTABLE_FOLDER_PATH)/BarcodeScanner";
			};
			name = Debug;
		};
		1EF7FFF12A3DF7FD00EA792D /* Release */ = {
			isa = XCBuildConfiguration;
			buildSettings = {
				ALWAYS_EMBED_SWIFT_STANDARD_LIBRARIES = YES;
				BUNDLE_LOADER = "$(TEST_HOST)";
				CODE_SIGN_STYLE = Automatic;
				CURRENT_PROJECT_VERSION = 1;
				DEVELOPMENT_TEAM = 3BNQYYVK2U;
				GENERATE_INFOPLIST_FILE = YES;
				IPHONEOS_DEPLOYMENT_TARGET = 16.4;
				MARKETING_VERSION = 1.0;
				PRODUCT_BUNDLE_IDENTIFIER = BarcodeScanner.BarcodeScannerTests;
				PRODUCT_NAME = "$(TARGET_NAME)";
				SWIFT_EMIT_LOC_STRINGS = NO;
				SWIFT_VERSION = 5.0;
				TARGETED_DEVICE_FAMILY = "1,2";
				TEST_HOST = "$(BUILT_PRODUCTS_DIR)/BarcodeScanner.app/$(BUNDLE_EXECUTABLE_FOLDER_PATH)/BarcodeScanner";
			};
			name = Release;
		};
		1EF7FFF32A3DF7FD00EA792D /* Debug */ = {
			isa = XCBuildConfiguration;
			buildSettings = {
				ALWAYS_EMBED_SWIFT_STANDARD_LIBRARIES = YES;
				CODE_SIGN_STYLE = Automatic;
				CURRENT_PROJECT_VERSION = 1;
				DEVELOPMENT_TEAM = 3BNQYYVK2U;
				GENERATE_INFOPLIST_FILE = YES;
				MARKETING_VERSION = 1.0;
				PRODUCT_BUNDLE_IDENTIFIER = BarcodeScanner.BarcodeScannerUITests;
				PRODUCT_NAME = "$(TARGET_NAME)";
				SWIFT_EMIT_LOC_STRINGS = NO;
				SWIFT_VERSION = 5.0;
				TARGETED_DEVICE_FAMILY = "1,2";
				TEST_TARGET_NAME = BarcodeScanner;
			};
			name = Debug;
		};
		1EF7FFF42A3DF7FD00EA792D /* Release */ = {
			isa = XCBuildConfiguration;
			buildSettings = {
				ALWAYS_EMBED_SWIFT_STANDARD_LIBRARIES = YES;
				CODE_SIGN_STYLE = Automatic;
				CURRENT_PROJECT_VERSION = 1;
				DEVELOPMENT_TEAM = 3BNQYYVK2U;
				GENERATE_INFOPLIST_FILE = YES;
				MARKETING_VERSION = 1.0;
				PRODUCT_BUNDLE_IDENTIFIER = BarcodeScanner.BarcodeScannerUITests;
				PRODUCT_NAME = "$(TARGET_NAME)";
				SWIFT_EMIT_LOC_STRINGS = NO;
				SWIFT_VERSION = 5.0;
				TARGETED_DEVICE_FAMILY = "1,2";
				TEST_TARGET_NAME = BarcodeScanner;
			};
			name = Release;
		};
/* End XCBuildConfiguration section */

/* Begin XCConfigurationList section */
		1EF7FFC32A3DF7FC00EA792D /* Build configuration list for PBXProject "BarcodeScanner" */ = {
			isa = XCConfigurationList;
			buildConfigurations = (
				1EF7FFEA2A3DF7FD00EA792D /* Debug */,
				1EF7FFEB2A3DF7FD00EA792D /* Release */,
			);
			defaultConfigurationIsVisible = 0;
			defaultConfigurationName = Release;
		};
		1EF7FFEC2A3DF7FD00EA792D /* Build configuration list for PBXNativeTarget "BarcodeScanner" */ = {
			isa = XCConfigurationList;
			buildConfigurations = (
				1EF7FFED2A3DF7FD00EA792D /* Debug */,
				1EF7FFEE2A3DF7FD00EA792D /* Release */,
			);
			defaultConfigurationIsVisible = 0;
			defaultConfigurationName = Release;
		};
		1EF7FFEF2A3DF7FD00EA792D /* Build configuration list for PBXNativeTarget "BarcodeScannerTests" */ = {
			isa = XCConfigurationList;
			buildConfigurations = (
				1EF7FFF02A3DF7FD00EA792D /* Debug */,
				1EF7FFF12A3DF7FD00EA792D /* Release */,
			);
			defaultConfigurationIsVisible = 0;
			defaultConfigurationName = Release;
		};
		1EF7FFF22A3DF7FD00EA792D /* Build configuration list for PBXNativeTarget "BarcodeScannerUITests" */ = {
			isa = XCConfigurationList;
			buildConfigurations = (
				1EF7FFF32A3DF7FD00EA792D /* Debug */,
				1EF7FFF42A3DF7FD00EA792D /* Release */,
			);
			defaultConfigurationIsVisible = 0;
			defaultConfigurationName = Release;
		};
/* End XCConfigurationList section */
	};
	rootObject = 1EF7FFC02A3DF7FC00EA792D /* Project object */;
}
